
Microsoft Visual Studio Solution File, Format Version 12.00
# Visual Studio Version 17
VisualStudioVersion = 17.7.34024.191
MinimumVisualStudioVersion = 10.0.40219.1
Project("{FAE04EC0-301F-11D3-BF4B-00C04F79EFBC}") = "practos 8", "practos 8.csproj", "{9C920718-EED7-4701-9BE8-0844A117CA72}"
EndProject
Global
	GlobalSection(SolutionConfigurationPlatforms) = preSolution
		Debug|Any CPU = Debug|Any CPU
		Release|Any CPU = Release|Any CPU
	EndGlobalSection
	GlobalSection(ProjectConfigurationPlatforms) = postSolution
		{9C920718-EED7-4701-9BE8-0844A117CA72}.Debug|Any CPU.ActiveCfg = Debug|Any CPU
		{9C920718-EED7-4701-9BE8-0844A117CA72}.Debug|Any CPU.Build.0 = Debug|Any CPU
		{9C920718-EED7-4701-9BE8-0844A117CA72}.Release|Any CPU.ActiveCfg = Release|Any CPU
		{9C920718-EED7-4701-9BE8-0844A117CA72}.Release|Any CPU.Build.0 = Release|Any CPU
	EndGlobalSection
	GlobalSection(SolutionProperties) = preSolution
		HideSolutionNode = FALSE
	EndGlobalSection
	GlobalSection(ExtensibilityGlobals) = postSolution
		SolutionGuid = {E7B41B4A-7D58-405F-B46D-BF7838345631}
	EndGlobalSection
EndGlobal
